
Microsoft Visual Studio Solution File, Format Version 12.00
# Visual Studio Version 17
VisualStudioVersion = 17.6.33829.357
MinimumVisualStudioVersion = 10.0.40219.1
Project("{FAE04EC0-301F-11D3-BF4B-00C04F79EFBC}") = "Protov2", "Protov2\Protov2.csproj", "{5C2AE293-FD9C-485D-B565-4D5EF7BA0FB0}"
EndProject
Global
	GlobalSection(SolutionConfigurationPlatforms) = preSolution
		Debug|Any CPU = Debug|Any CPU
		Release|Any CPU = Release|Any CPU
	EndGlobalSection
	GlobalSection(ProjectConfigurationPlatforms) = postSolution
		{5C2AE293-FD9C-485D-B565-4D5EF7BA0FB0}.Debug|Any CPU.ActiveCfg = Debug|Any CPU
		{5C2AE293-FD9C-485D-B565-4D5EF7BA0FB0}.Debug|Any CPU.Build.0 = Debug|Any CPU
		{5C2AE293-FD9C-485D-B565-4D5EF7BA0FB0}.Release|Any CPU.ActiveCfg = Release|Any CPU
		{5C2AE293-FD9C-485D-B565-4D5EF7BA0FB0}.Release|Any CPU.Build.0 = Release|Any CPU
	EndGlobalSection
	GlobalSection(SolutionProperties) = preSolution
		HideSolutionNode = FALSE
	EndGlobalSection
	GlobalSection(ExtensibilityGlobals) = postSolution
		SolutionGuid = {B2D9C9C8-920E-4B5E-B3F0-486F027A91E9}
	EndGlobalSection
EndGlobal
